// !$*UTF8*$!
{
	archiveVersion = 1;
	classes = {
	};
	objectVersion = 50;
	objects = {

/* Begin PBXBuildFile section */
		ADC0EC1821DBAB4400943088 /* AppDelegate.swift in Sources */ = {isa = PBXBuildFile; fileRef = ADC0EC1721DBAB4400943088 /* AppDelegate.swift */; };
		ADC0EC1A21DBAB4400943088 /* ViewController.swift in Sources */ = {isa = PBXBuildFile; fileRef = ADC0EC1921DBAB4400943088 /* ViewController.swift */; };
		ADC0EC1D21DBAB4400943088 /* Main.storyboard in Resources */ = {isa = PBXBuildFile; fileRef = ADC0EC1B21DBAB4400943088 /* Main.storyboard */; };
		ADC0EC1F21DBAB4A00943088 /* Assets.xcassets in Resources */ = {isa = PBXBuildFile; fileRef = ADC0EC1E21DBAB4A00943088 /* Assets.xcassets */; };
		ADC0EC2221DBAB4A00943088 /* LaunchScreen.storyboard in Resources */ = {isa = PBXBuildFile; fileRef = ADC0EC2021DBAB4A00943088 /* LaunchScreen.storyboard */; };
		ADC0EC2D21DBAB4A00943088 /* MsyTests.swift in Sources */ = {isa = PBXBuildFile; fileRef = ADC0EC2C21DBAB4A00943088 /* MsyTests.swift */; };
		ADC0EC3821DBAB4A00943088 /* MsyUITests.swift in Sources */ = {isa = PBXBuildFile; fileRef = ADC0EC3721DBAB4A00943088 /* MsyUITests.swift */; };
/* End PBXBuildFile section */

/* Begin PBXContainerItemProxy section */
		ADC0EC2921DBAB4A00943088 /* PBXContainerItemProxy */ = {
			isa = PBXContainerItemProxy;
			containerPortal = ADC0EC0C21DBAB4400943088 /* Project object */;
			proxyType = 1;
			remoteGlobalIDString = ADC0EC1321DBAB4400943088;
			remoteInfo = Msy;
		};
		ADC0EC3421DBAB4A00943088 /* PBXContainerItemProxy */ = {
			isa = PBXContainerItemProxy;
			containerPortal = ADC0EC0C21DBAB4400943088 /* Project object */;
			proxyType = 1;
			remoteGlobalIDString = ADC0EC1321DBAB4400943088;
			remoteInfo = Msy;
		};
/* End PBXContainerItemProxy section */

/* Begin PBXFileReference section */
		ADC0EC1421DBAB4400943088 /* Msy.app */ = {isa = PBXFileReference; explicitFileType = wrapper.application; includeInIndex = 0; path = Msy.app; sourceTree = BUILT_PRODUCTS_DIR; };
		ADC0EC1721DBAB4400943088 /* AppDelegate.swift */ = {isa = PBXFileReference; lastKnownFileType = sourcecode.swift; path = AppDelegate.swift; sourceTree = "<group>"; };
		ADC0EC1921DBAB4400943088 /* ViewController.swift */ = {isa = PBXFileReference; lastKnownFileType = sourcecode.swift; path = ViewController.swift; sourceTree = "<group>"; };
		ADC0EC1C21DBAB4400943088 /* Base */ = {isa = PBXFileReference; lastKnownFileType = file.storyboard; name = Base; path = Base.lproj/Main.storyboard; sourceTree = "<group>"; };
		ADC0EC1E21DBAB4A00943088 /* Assets.xcassets */ = {isa = PBXFileReference; lastKnownFileType = folder.assetcatalog; path = Assets.xcassets; sourceTree = "<group>"; };
		ADC0EC2121DBAB4A00943088 /* Base */ = {isa = PBXFileReference; lastKnownFileType = file.storyboard; name = Base; path = Base.lproj/LaunchScreen.storyboard; sourceTree = "<group>"; };
		ADC0EC2321DBAB4A00943088 /* Info.plist */ = {isa = PBXFileReference; lastKnownFileType = text.plist.xml; path = Info.plist; sourceTree = "<group>"; };
		ADC0EC2821DBAB4A00943088 /* MsyTests.xctest */ = {isa = PBXFileReference; explicitFileType = wrapper.cfbundle; includeInIndex = 0; path = MsyTests.xctest; sourceTree = BUILT_PRODUCTS_DIR; };
		ADC0EC2C21DBAB4A00943088 /* MsyTests.swift */ = {isa = PBXFileReference; lastKnownFileType = sourcecode.swift; path = MsyTests.swift; sourceTree = "<group>"; };
		ADC0EC2E21DBAB4A00943088 /* Info.plist */ = {isa = PBXFileReference; lastKnownFileType = text.plist.xml; path = Info.plist; sourceTree = "<group>"; };
		ADC0EC3321DBAB4A00943088 /* MsyUITests.xctest */ = {isa = PBXFileReference; explicitFileType = wrapper.cfbundle; includeInIndex = 0; path = MsyUITests.xctest; sourceTree = BUILT_PRODUCTS_DIR; };
		ADC0EC3721DBAB4A00943088 /* MsyUITests.swift */ = {isa = PBXFileReference; lastKnownFileType = sourcecode.swift; path = MsyUITests.swift; sourceTree = "<group>"; };
		ADC0EC3921DBAB4A00943088 /* Info.plist */ = {isa = PBXFileReference; lastKnownFileType = text.plist.xml; path = Info.plist; sourceTree = "<group>"; };
/* End PBXFileReference section */

/* Begin PBXFrameworksBuildPhase section */
		ADC0EC1121DBAB4400943088 /* Frameworks */ = {
			isa = PBXFrameworksBuildPhase;
			buildActionMask = 2147483647;
			files = (
			);
			runOnlyForDeploymentPostprocessing = 0;
		};
		ADC0EC2521DBAB4A00943088 /* Frameworks */ = {
			isa = PBXFrameworksBuildPhase;
			buildActionMask = 2147483647;
			files = (
			);
			runOnlyForDeploymentPostprocessing = 0;
		};
		ADC0EC3021DBAB4A00943088 /* Frameworks */ = {
			isa = PBXFrameworksBuildPhase;
			buildActionMask = 2147483647;
			files = (
			);
			runOnlyForDeploymentPostprocessing = 0;
		};
/* End PBXFrameworksBuildPhase section */

/* Begin PBXGroup section */
		ADC0EC0B21DBAB4400943088 = {
			isa = PBXGroup;
			children = (
				ADC0EC1621DBAB4400943088 /* Msy */,
				ADC0EC2B21DBAB4A00943088 /* MsyTests */,
				ADC0EC3621DBAB4A00943088 /* MsyUITests */,
				ADC0EC1521DBAB4400943088 /* Products */,
			);
			sourceTree = "<group>";
		};
		ADC0EC1521DBAB4400943088 /* Products */ = {
			isa = PBXGroup;
			children = (
				ADC0EC1421DBAB4400943088 /* Msy.app */,
				ADC0EC2821DBAB4A00943088 /* MsyTests.xctest */,
				ADC0EC3321DBAB4A00943088 /* MsyUITests.xctest */,
			);
			name = Products;
			sourceTree = "<group>";
		};
		ADC0EC1621DBAB4400943088 /* Msy */ = {
			isa = PBXGroup;
			children = (
				ADC0EC1721DBAB4400943088 /* AppDelegate.swift */,
				ADC0EC1921DBAB4400943088 /* ViewController.swift */,
				ADC0EC1B21DBAB4400943088 /* Main.storyboard */,
				ADC0EC1E21DBAB4A00943088 /* Assets.xcassets */,
				ADC0EC2021DBAB4A00943088 /* LaunchScreen.storyboard */,
				ADC0EC2321DBAB4A00943088 /* Info.plist */,
			);
			path = Msy;
			sourceTree = "<group>";
		};
		ADC0EC2B21DBAB4A00943088 /* MsyTests */ = {
			isa = PBXGroup;
			children = (
				ADC0EC2C21DBAB4A00943088 /* MsyTests.swift */,
				ADC0EC2E21DBAB4A00943088 /* Info.plist */,
			);
			path = MsyTests;
			sourceTree = "<group>";
		};
		ADC0EC3621DBAB4A00943088 /* MsyUITests */ = {
			isa = PBXGroup;
			children = (
				ADC0EC3721DBAB4A00943088 /* MsyUITests.swift */,
				ADC0EC3921DBAB4A00943088 /* Info.plist */,
			);
			path = MsyUITests;
			sourceTree = "<group>";
		};
/* End PBXGroup section */

/* Begin PBXNativeTarget section */
		ADC0EC1321DBAB4400943088 /* Msy */ = {
			isa = PBXNativeTarget;
			buildConfigurationList = ADC0EC3C21DBAB4A00943088 /* Build configuration list for PBXNativeTarget "Msy" */;
			buildPhases = (
				ADC0EC1021DBAB4400943088 /* Sources */,
				ADC0EC1121DBAB4400943088 /* Frameworks */,
				ADC0EC1221DBAB4400943088 /* Resources */,
			);
			buildRules = (
			);
			dependencies = (
			);
			name = Msy;
			productName = Msy;
			productReference = ADC0EC1421DBAB4400943088 /* Msy.app */;
			productType = "com.apple.product-type.application";
		};
		ADC0EC2721DBAB4A00943088 /* MsyTests */ = {
			isa = PBXNativeTarget;
			buildConfigurationList = ADC0EC3F21DBAB4A00943088 /* Build configuration list for PBXNativeTarget "MsyTests" */;
			buildPhases = (
				ADC0EC2421DBAB4A00943088 /* Sources */,
				ADC0EC2521DBAB4A00943088 /* Frameworks */,
				ADC0EC2621DBAB4A00943088 /* Resources */,
			);
			buildRules = (
			);
			dependencies = (
				ADC0EC2A21DBAB4A00943088 /* PBXTargetDependency */,
			);
			name = MsyTests;
			productName = MsyTests;
			productReference = ADC0EC2821DBAB4A00943088 /* MsyTests.xctest */;
			productType = "com.apple.product-type.bundle.unit-test";
		};
		ADC0EC3221DBAB4A00943088 /* MsyUITests */ = {
			isa = PBXNativeTarget;
			buildConfigurationList = ADC0EC4221DBAB4A00943088 /* Build configuration list for PBXNativeTarget "MsyUITests" */;
			buildPhases = (
				ADC0EC2F21DBAB4A00943088 /* Sources */,
				ADC0EC3021DBAB4A00943088 /* Frameworks */,
				ADC0EC3121DBAB4A00943088 /* Resources */,
			);
			buildRules = (
			);
			dependencies = (
				ADC0EC3521DBAB4A00943088 /* PBXTargetDependency */,
			);
			name = MsyUITests;
			productName = MsyUITests;
			productReference = ADC0EC3321DBAB4A00943088 /* MsyUITests.xctest */;
			productType = "com.apple.product-type.bundle.ui-testing";
		};
/* End PBXNativeTarget section */

/* Begin PBXProject section */
		ADC0EC0C21DBAB4400943088 /* Project object */ = {
			isa = PBXProject;
			attributes = {
				LastSwiftUpdateCheck = 1010;
				LastUpgradeCheck = 1010;
				ORGANIZATIONNAME = "Özenç Çelik";
				TargetAttributes = {
					ADC0EC1321DBAB4400943088 = {
						CreatedOnToolsVersion = 10.1;
					};
					ADC0EC2721DBAB4A00943088 = {
						CreatedOnToolsVersion = 10.1;
						TestTargetID = ADC0EC1321DBAB4400943088;
					};
					ADC0EC3221DBAB4A00943088 = {
						CreatedOnToolsVersion = 10.1;
						TestTargetID = ADC0EC1321DBAB4400943088;
					};
				};
			};
			buildConfigurationList = ADC0EC0F21DBAB4400943088 /* Build configuration list for PBXProject "Msy" */;
			compatibilityVersion = "Xcode 9.3";
			developmentRegion = en;
			hasScannedForEncodings = 0;
			knownRegions = (
				en,
				Base,
			);
			mainGroup = ADC0EC0B21DBAB4400943088;
			productRefGroup = ADC0EC1521DBAB4400943088 /* Products */;
			projectDirPath = "";
			projectRoot = "";
			targets = (
				ADC0EC1321DBAB4400943088 /* Msy */,
				ADC0EC2721DBAB4A00943088 /* MsyTests */,
				ADC0EC3221DBAB4A00943088 /* MsyUITests */,
			);
		};
/* End PBXProject section */

/* Begin PBXResourcesBuildPhase section */
		ADC0EC1221DBAB4400943088 /* Resources */ = {
			isa = PBXResourcesBuildPhase;
			buildActionMask = 2147483647;
			files = (
				ADC0EC2221DBAB4A00943088 /* LaunchScreen.storyboard in Resources */,
				ADC0EC1F21DBAB4A00943088 /* Assets.xcassets in Resources */,
				ADC0EC1D21DBAB4400943088 /* Main.storyboard in Resources */,
			);
			runOnlyForDeploymentPostprocessing = 0;
		};
		ADC0EC2621DBAB4A00943088 /* Resources */ = {
			isa = PBXResourcesBuildPhase;
			buildActionMask = 2147483647;
			files = (
			);
			runOnlyForDeploymentPostprocessing = 0;
		};
		ADC0EC3121DBAB4A00943088 /* Resources */ = {
			isa = PBXResourcesBuildPhase;
			buildActionMask = 2147483647;
			files = (
			);
			runOnlyForDeploymentPostprocessing = 0;
		};
/* End PBXResourcesBuildPhase section */

/* Begin PBXSourcesBuildPhase section */
		ADC0EC1021DBAB4400943088 /* Sources */ = {
			isa = PBXSourcesBuildPhase;
			buildActionMask = 2147483647;
			files = (
				ADC0EC1A21DBAB4400943088 /* ViewController.swift in Sources */,
				ADC0EC1821DBAB4400943088 /* AppDelegate.swift in Sources */,
			);
			runOnlyForDeploymentPostprocessing = 0;
		};
		ADC0EC2421DBAB4A00943088 /* Sources */ = {
			isa = PBXSourcesBuildPhase;
			buildActionMask = 2147483647;
			files = (
				ADC0EC2D21DBAB4A00943088 /* MsyTests.swift in Sources */,
			);
			runOnlyForDeploymentPostprocessing = 0;
		};
		ADC0EC2F21DBAB4A00943088 /* Sources */ = {
			isa = PBXSourcesBuildPhase;
			buildActionMask = 2147483647;
			files = (
				ADC0EC3821DBAB4A00943088 /* MsyUITests.swift in Sources */,
			);
			runOnlyForDeploymentPostprocessing = 0;
		};
/* End PBXSourcesBuildPhase section */

/* Begin PBXTargetDependency section */
		ADC0EC2A21DBAB4A00943088 /* PBXTargetDependency */ = {
			isa = PBXTargetDependency;
			target = ADC0EC1321DBAB4400943088 /* Msy */;
			targetProxy = ADC0EC2921DBAB4A00943088 /* PBXContainerItemProxy */;
		};
		ADC0EC3521DBAB4A00943088 /* PBXTargetDependency */ = {
			isa = PBXTargetDependency;
			target = ADC0EC1321DBAB4400943088 /* Msy */;
			targetProxy = ADC0EC3421DBAB4A00943088 /* PBXContainerItemProxy */;
		};
/* End PBXTargetDependency section */

/* Begin PBXVariantGroup section */
		ADC0EC1B21DBAB4400943088 /* Main.storyboard */ = {
			isa = PBXVariantGroup;
			children = (
				ADC0EC1C21DBAB4400943088 /* Base */,
			);
			name = Main.storyboard;
			sourceTree = "<group>";
		};
		ADC0EC2021DBAB4A00943088 /* LaunchScreen.storyboard */ = {
			isa = PBXVariantGroup;
			children = (
				ADC0EC2121DBAB4A00943088 /* Base */,
			);
			name = LaunchScreen.storyboard;
			sourceTree = "<group>";
		};
/* End PBXVariantGroup section */

/* Begin XCBuildConfiguration section */
		ADC0EC3A21DBAB4A00943088 /* Debug */ = {
			isa = XCBuildConfiguration;
			buildSettings = {
				ALWAYS_SEARCH_USER_PATHS = NO;
				CLANG_ANALYZER_NONNULL = YES;
				CLANG_ANALYZER_NUMBER_OBJECT_CONVERSION = YES_AGGRESSIVE;
				CLANG_CXX_LANGUAGE_STANDARD = "gnu++14";
				CLANG_CXX_LIBRARY = "libc++";
				CLANG_ENABLE_MODULES = YES;
				CLANG_ENABLE_OBJC_ARC = YES;
				CLANG_ENABLE_OBJC_WEAK = YES;
				CLANG_WARN_BLOCK_CAPTURE_AUTORELEASING = YES;
				CLANG_WARN_BOOL_CONVERSION = YES;
				CLANG_WARN_COMMA = YES;
				CLANG_WARN_CONSTANT_CONVERSION = YES;
				CLANG_WARN_DEPRECATED_OBJC_IMPLEMENTATIONS = YES;
				CLANG_WARN_DIRECT_OBJC_ISA_USAGE = YES_ERROR;
				CLANG_WARN_DOCUMENTATION_COMMENTS = YES;
				CLANG_WARN_EMPTY_BODY = YES;
				CLANG_WARN_ENUM_CONVERSION = YES;
				CLANG_WARN_INFINITE_RECURSION = YES;
				CLANG_WARN_INT_CONVERSION = YES;
				CLANG_WARN_NON_LITERAL_NULL_CONVERSION = YES;
				CLANG_WARN_OBJC_IMPLICIT_RETAIN_SELF = YES;
				CLANG_WARN_OBJC_LITERAL_CONVERSION = YES;
				CLANG_WARN_OBJC_ROOT_CLASS = YES_ERROR;
				CLANG_WARN_RANGE_LOOP_ANALYSIS = YES;
				CLANG_WARN_STRICT_PROTOTYPES = YES;
				CLANG_WARN_SUSPICIOUS_MOVE = YES;
				CLANG_WARN_UNGUARDED_AVAILABILITY = YES_AGGRESSIVE;
				CLANG_WARN_UNREACHABLE_CODE = YES;
				CLANG_WARN__DUPLICATE_METHOD_MATCH = YES;
				CODE_SIGN_IDENTITY = "iPhone Developer";
				COPY_PHASE_STRIP = NO;
				DEBUG_INFORMATION_FORMAT = dwarf;
				ENABLE_STRICT_OBJC_MSGSEND = YES;
				ENABLE_TESTABILITY = YES;
				GCC_C_LANGUAGE_STANDARD = gnu11;
				GCC_DYNAMIC_NO_PIC = NO;
				GCC_NO_COMMON_BLOCKS = YES;
				GCC_OPTIMIZATION_LEVEL = 0;
				GCC_PREPROCESSOR_DEFINITIONS = (
					"DEBUG=1",
					"$(inherited)",
				);
				GCC_WARN_64_TO_32_BIT_CONVERSION = YES;
				GCC_WARN_ABOUT_RETURN_TYPE = YES_ERROR;
				GCC_WARN_UNDECLARED_SELECTOR = YES;
				GCC_WARN_UNINITIALIZED_AUTOS = YES_AGGRESSIVE;
				GCC_WARN_UNUSED_FUNCTION = YES;
				GCC_WARN_UNUSED_VARIABLE = YES;
				IPHONEOS_DEPLOYMENT_TARGET = 12.1;
				MTL_ENABLE_DEBUG_INFO = INCLUDE_SOURCE;
				MTL_FAST_MATH = YES;
				ONLY_ACTIVE_ARCH = YES;
				SDKROOT = iphoneos;
				SWIFT_ACTIVE_COMPILATION_CONDITIONS = DEBUG;
				SWIFT_OPTIMIZATION_LEVEL = "-Onone";
			};
			name = Debug;
		};
		ADC0EC3B21DBAB4A00943088 /* Release */ = {
			isa = XCBuildConfiguration;
			buildSettings = {
				ALWAYS_SEARCH_USER_PATHS = NO;
				CLANG_ANALYZER_NONNULL = YES;
				CLANG_ANALYZER_NUMBER_OBJECT_CONVERSION = YES_AGGRESSIVE;
				CLANG_CXX_LANGUAGE_STANDARD = "gnu++14";
				CLANG_CXX_LIBRARY = "libc++";
				CLANG_ENABLE_MODULES = YES;
				CLANG_ENABLE_OBJC_ARC = YES;
				CLANG_ENABLE_OBJC_WEAK = YES;
				CLANG_WARN_BLOCK_CAPTURE_AUTORELEASING = YES;
				CLANG_WARN_BOOL_CONVERSION = YES;
				CLANG_WARN_COMMA = YES;
				CLANG_WARN_CONSTANT_CONVERSION = YES;
				CLANG_WARN_DEPRECATED_OBJC_IMPLEMENTATIONS = YES;
				CLANG_WARN_DIRECT_OBJC_ISA_USAGE = YES_ERROR;
				CLANG_WARN_DOCUMENTATION_COMMENTS = YES;
				CLANG_WARN_EMPTY_BODY = YES;
				CLANG_WARN_ENUM_CONVERSION = YES;
				CLANG_WARN_INFINITE_RECURSION = YES;
				CLANG_WARN_INT_CONVERSION = YES;
				CLANG_WARN_NON_LITERAL_NULL_CONVERSION = YES;
				CLANG_WARN_OBJC_IMPLICIT_RETAIN_SELF = YES;
				CLANG_WARN_OBJC_LITERAL_CONVERSION = YES;
				CLANG_WARN_OBJC_ROOT_CLASS = YES_ERROR;
				CLANG_WARN_RANGE_LOOP_ANALYSIS = YES;
				CLANG_WARN_STRICT_PROTOTYPES = YES;
				CLANG_WARN_SUSPICIOUS_MOVE = YES;
				CLANG_WARN_UNGUARDED_AVAILABILITY = YES_AGGRESSIVE;
				CLANG_WARN_UNREACHABLE_CODE = YES;
				CLANG_WARN__DUPLICATE_METHOD_MATCH = YES;
				CODE_SIGN_IDENTITY = "iPhone Developer";
				COPY_PHASE_STRIP = NO;
				DEBUG_INFORMATION_FORMAT = "dwarf-with-dsym";
				ENABLE_NS_ASSERTIONS = NO;
				ENABLE_STRICT_OBJC_MSGSEND = YES;
				GCC_C_LANGUAGE_STANDARD = gnu11;
				GCC_NO_COMMON_BLOCKS = YES;
				GCC_WARN_64_TO_32_BIT_CONVERSION = YES;
				GCC_WARN_ABOUT_RETURN_TYPE = YES_ERROR;
				GCC_WARN_UNDECLARED_SELECTOR = YES;
				GCC_WARN_UNINITIALIZED_AUTOS = YES_AGGRESSIVE;
				GCC_WARN_UNUSED_FUNCTION = YES;
				GCC_WARN_UNUSED_VARIABLE = YES;
				IPHONEOS_DEPLOYMENT_TARGET = 12.1;
				MTL_ENABLE_DEBUG_INFO = NO;
				MTL_FAST_MATH = YES;
				SDKROOT = iphoneos;
				SWIFT_COMPILATION_MODE = wholemodule;
				SWIFT_OPTIMIZATION_LEVEL = "-O";
				VALIDATE_PRODUCT = YES;
			};
			name = Release;
		};
		ADC0EC3D21DBAB4A00943088 /* Debug */ = {
			isa = XCBuildConfiguration;
			buildSettings = {
				ASSETCATALOG_COMPILER_APPICON_NAME = AppIcon;
				CODE_SIGN_STYLE = Automatic;
				INFOPLIST_FILE = Msy/Info.plist;
				LD_RUNPATH_SEARCH_PATHS = (
					"$(inherited)",
					"@executable_path/Frameworks",
				);
				PRODUCT_BUNDLE_IDENTIFIER = com.zen.Msy;
				PRODUCT_NAME = "$(TARGET_NAME)";
				SWIFT_VERSION = 4.2;
				TARGETED_DEVICE_FAMILY = "1,2";
			};
			name = Debug;
		};
		ADC0EC3E21DBAB4A00943088 /* Release */ = {
			isa = XCBuildConfiguration;
			buildSettings = {
				ASSETCATALOG_COMPILER_APPICON_NAME = AppIcon;
				CODE_SIGN_STYLE = Automatic;
				INFOPLIST_FILE = Msy/Info.plist;
				LD_RUNPATH_SEARCH_PATHS = (
					"$(inherited)",
					"@executable_path/Frameworks",
				);
				PRODUCT_BUNDLE_IDENTIFIER = com.zen.Msy;
				PRODUCT_NAME = "$(TARGET_NAME)";
				SWIFT_VERSION = 4.2;
				TARGETED_DEVICE_FAMILY = "1,2";
			};
			name = Release;
		};
		ADC0EC4021DBAB4A00943088 /* Debug */ = {
			isa = XCBuildConfiguration;
			buildSettings = {
				ALWAYS_EMBED_SWIFT_STANDARD_LIBRARIES = YES;
				BUNDLE_LOADER = "$(TEST_HOST)";
				CODE_SIGN_STYLE = Automatic;
				INFOPLIST_FILE = MsyTests/Info.plist;
				LD_RUNPATH_SEARCH_PATHS = (
					"$(inherited)",
					"@executable_path/Frameworks",
					"@loader_path/Frameworks",
				);
				PRODUCT_BUNDLE_IDENTIFIER = com.zen.MsyTests;
				PRODUCT_NAME = "$(TARGET_NAME)";
				SWIFT_VERSION = 4.2;
				TARGETED_DEVICE_FAMILY = "1,2";
				TEST_HOST = "$(BUILT_PRODUCTS_DIR)/Msy.app/Msy";
			};
			name = Debug;
		};
		ADC0EC4121DBAB4A00943088 /* Release */ = {
			isa = XCBuildConfiguration;
			buildSettings = {
				ALWAYS_EMBED_SWIFT_STANDARD_LIBRARIES = YES;
				BUNDLE_LOADER = "$(TEST_HOST)";
				CODE_SIGN_STYLE = Automatic;
				INFOPLIST_FILE = MsyTests/Info.plist;
				LD_RUNPATH_SEARCH_PATHS = (
					"$(inherited)",
					"@executable_path/Frameworks",
					"@loader_path/Frameworks",
				);
				PRODUCT_BUNDLE_IDENTIFIER = com.zen.MsyTests;
				PRODUCT_NAME = "$(TARGET_NAME)";
				SWIFT_VERSION = 4.2;
				TARGETED_DEVICE_FAMILY = "1,2";
				TEST_HOST = "$(BUILT_PRODUCTS_DIR)/Msy.app/Msy";
			};
			name = Release;
		};
		ADC0EC4321DBAB4A00943088 /* Debug */ = {
			isa = XCBuildConfiguration;
			buildSettings = {
				ALWAYS_EMBED_SWIFT_STANDARD_LIBRARIES = YES;
				CODE_SIGN_STYLE = Automatic;
				INFOPLIST_FILE = MsyUITests/Info.plist;
				LD_RUNPATH_SEARCH_PATHS = (
					"$(inherited)",
					"@executable_path/Frameworks",
					"@loader_path/Frameworks",
				);
				PRODUCT_BUNDLE_IDENTIFIER = com.zen.MsyUITests;
				PRODUCT_NAME = "$(TARGET_NAME)";
				SWIFT_VERSION = 4.2;
				TARGETED_DEVICE_FAMILY = "1,2";
				TEST_TARGET_NAME = Msy;
			};
			name = Debug;
		};
		ADC0EC4421DBAB4A00943088 /* Release */ = {
			isa = XCBuildConfiguration;
			buildSettings = {
				ALWAYS_EMBED_SWIFT_STANDARD_LIBRARIES = YES;
				CODE_SIGN_STYLE = Automatic;
				INFOPLIST_FILE = MsyUITests/Info.plist;
				LD_RUNPATH_SEARCH_PATHS = (
					"$(inherited)",
					"@executable_path/Frameworks",
					"@loader_path/Frameworks",
				);
				PRODUCT_BUNDLE_IDENTIFIER = com.zen.MsyUITests;
				PRODUCT_NAME = "$(TARGET_NAME)";
				SWIFT_VERSION = 4.2;
				TARGETED_DEVICE_FAMILY = "1,2";
				TEST_TARGET_NAME = Msy;
			};
			name = Release;
		};
/* End XCBuildConfiguration section */

/* Begin XCConfigurationList section */
		ADC0EC0F21DBAB4400943088 /* Build configuration list for PBXProject "Msy" */ = {
			isa = XCConfigurationList;
			buildConfigurations = (
				ADC0EC3A21DBAB4A00943088 /* Debug */,
				ADC0EC3B21DBAB4A00943088 /* Release */,
			);
			defaultConfigurationIsVisible = 0;
			defaultConfigurationName = Release;
		};
		ADC0EC3C21DBAB4A00943088 /* Build configuration list for PBXNativeTarget "Msy" */ = {
			isa = XCConfigurationList;
			buildConfigurations = (
				ADC0EC3D21DBAB4A00943088 /* Debug */,
				ADC0EC3E21DBAB4A00943088 /* Release */,
			);
			defaultConfigurationIsVisible = 0;
			defaultConfigurationName = Release;
		};
		ADC0EC3F21DBAB4A00943088 /* Build configuration list for PBXNativeTarget "MsyTests" */ = {
			isa = XCConfigurationList;
			buildConfigurations = (
				ADC0EC4021DBAB4A00943088 /* Debug */,
				ADC0EC4121DBAB4A00943088 /* Release */,
			);
			defaultConfigurationIsVisible = 0;
			defaultConfigurationName = Release;
		};
		ADC0EC4221DBAB4A00943088 /* Build configuration list for PBXNativeTarget "MsyUITests" */ = {
			isa = XCConfigurationList;
			buildConfigurations = (
				ADC0EC4321DBAB4A00943088 /* Debug */,
				ADC0EC4421DBAB4A00943088 /* Release */,
			);
			defaultConfigurationIsVisible = 0;
			defaultConfigurationName = Release;
		};
/* End XCConfigurationList section */
	};
	rootObject = ADC0EC0C21DBAB4400943088 /* Project object */;
}
